# This file is autogenerated, do not edit; changes may be undone by the next 'dep ensure'.


[[projects]]
  name = "github.com/bmatsuo/lmdb-go"
  packages = ["internal/lmdbarch","lmdb"]
  revision = "7b9e3bb5a8e4b9aac8972dced855c5aabad6ba2e"
  version = "v1.8.0"

[solve-meta]
  analyzer-name = "dep"
  analyzer-version = 1
  inputs-digest = "a9af0ad0393f400cdd94a68c99a0969f8c22091f60ae6c233904ff34f38e9972"
  solver-name = "gps-cdcl"
  solver-version = 1
